// !$*UTF8*$!
{
	archiveVersion = 1;
	classes = {
	};
	objectVersion = 46;
	objects = {

/* Begin PBXBuildFile section */
		047A15321F2AF6A900FD762F /* AnimatedTransitioning.swift in Sources */ = {isa = PBXBuildFile; fileRef = 047A152E1F2AF6A900FD762F /* AnimatedTransitioning.swift */; };
		047A15331F2AF6A900FD762F /* PresentationController.swift in Sources */ = {isa = PBXBuildFile; fileRef = 047A152F1F2AF6A900FD762F /* PresentationController.swift */; };
		047A15341F2AF6A900FD762F /* SEKView+Frame.swift in Sources */ = {isa = PBXBuildFile; fileRef = 047A15301F2AF6A900FD762F /* SEKView+Frame.swift */; };
		047A15351F2AF6A900FD762F /* Transition.swift in Sources */ = {isa = PBXBuildFile; fileRef = 047A15311F2AF6A900FD762F /* Transition.swift */; };
		04F594671F2A1D06006B8D16 /* AppDelegate.swift in Sources */ = {isa = PBXBuildFile; fileRef = 04F594661F2A1D06006B8D16 /* AppDelegate.swift */; };
		04F594691F2A1D06006B8D16 /* ViewController.swift in Sources */ = {isa = PBXBuildFile; fileRef = 04F594681F2A1D06006B8D16 /* ViewController.swift */; };
		04F5946C1F2A1D06006B8D16 /* Main.storyboard in Resources */ = {isa = PBXBuildFile; fileRef = 04F5946A1F2A1D06006B8D16 /* Main.storyboard */; };
		04F5946E1F2A1D06006B8D16 /* Assets.xcassets in Resources */ = {isa = PBXBuildFile; fileRef = 04F5946D1F2A1D06006B8D16 /* Assets.xcassets */; };
		04F594711F2A1D06006B8D16 /* LaunchScreen.storyboard in Resources */ = {isa = PBXBuildFile; fileRef = 04F5946F1F2A1D06006B8D16 /* LaunchScreen.storyboard */; };
		04F5947A1F2A1D23006B8D16 /* TestViewController.swift in Sources */ = {isa = PBXBuildFile; fileRef = 04F594781F2A1D22006B8D16 /* TestViewController.swift */; };
/* End PBXBuildFile section */

/* Begin PBXFileReference section */
		047A152E1F2AF6A900FD762F /* AnimatedTransitioning.swift */ = {isa = PBXFileReference; fileEncoding = 4; lastKnownFileType = sourcecode.swift; path = AnimatedTransitioning.swift; sourceTree = "<group>"; };
		047A152F1F2AF6A900FD762F /* PresentationController.swift */ = {isa = PBXFileReference; fileEncoding = 4; lastKnownFileType = sourcecode.swift; path = PresentationController.swift; sourceTree = "<group>"; };
		047A15301F2AF6A900FD762F /* SEKView+Frame.swift */ = {isa = PBXFileReference; fileEncoding = 4; lastKnownFileType = sourcecode.swift; path = "SEKView+Frame.swift"; sourceTree = "<group>"; };
		047A15311F2AF6A900FD762F /* Transition.swift */ = {isa = PBXFileReference; fileEncoding = 4; lastKnownFileType = sourcecode.swift; path = Transition.swift; sourceTree = "<group>"; };
		04F594631F2A1D06006B8D16 /* testModal.app */ = {isa = PBXFileReference; explicitFileType = wrapper.application; includeInIndex = 0; path = testModal.app; sourceTree = BUILT_PRODUCTS_DIR; };
		04F594661F2A1D06006B8D16 /* AppDelegate.swift */ = {isa = PBXFileReference; lastKnownFileType = sourcecode.swift; path = AppDelegate.swift; sourceTree = "<group>"; };
		04F594681F2A1D06006B8D16 /* ViewController.swift */ = {isa = PBXFileReference; lastKnownFileType = sourcecode.swift; path = ViewController.swift; sourceTree = "<group>"; };
		04F5946B1F2A1D06006B8D16 /* Base */ = {isa = PBXFileReference; lastKnownFileType = file.storyboard; name = Base; path = Base.lproj/Main.storyboard; sourceTree = "<group>"; };
		04F5946D1F2A1D06006B8D16 /* Assets.xcassets */ = {isa = PBXFileReference; lastKnownFileType = folder.assetcatalog; path = Assets.xcassets; sourceTree = "<group>"; };
		04F594701F2A1D06006B8D16 /* Base */ = {isa = PBXFileReference; lastKnownFileType = file.storyboard; name = Base; path = Base.lproj/LaunchScreen.storyboard; sourceTree = "<group>"; };
		04F594721F2A1D06006B8D16 /* Info.plist */ = {isa = PBXFileReference; lastKnownFileType = text.plist.xml; path = Info.plist; sourceTree = "<group>"; };
		04F594781F2A1D22006B8D16 /* TestViewController.swift */ = {isa = PBXFileReference; fileEncoding = 4; lastKnownFileType = sourcecode.swift; path = TestViewController.swift; sourceTree = "<group>"; };
/* End PBXFileReference section */

/* Begin PBXFrameworksBuildPhase section */
		04F594601F2A1D06006B8D16 /* Frameworks */ = {
			isa = PBXFrameworksBuildPhase;
			buildActionMask = 2147483647;
			files = (
			);
			runOnlyForDeploymentPostprocessing = 0;
		};
/* End PBXFrameworksBuildPhase section */

/* Begin PBXGroup section */
		047A152D1F2AF6A900FD762F /* SMKTransition */ = {
			isa = PBXGroup;
			children = (
				047A152E1F2AF6A900FD762F /* AnimatedTransitioning.swift */,
				047A152F1F2AF6A900FD762F /* PresentationController.swift */,
				047A15301F2AF6A900FD762F /* SEKView+Frame.swift */,
				047A15311F2AF6A900FD762F /* Transition.swift */,
			);
			path = SMKTransition;
			sourceTree = SOURCE_ROOT;
		};
		04F5945A1F2A1D05006B8D16 = {
			isa = PBXGroup;
			children = (
				04F594651F2A1D06006B8D16 /* testModal */,
				04F594641F2A1D06006B8D16 /* Products */,
			);
			sourceTree = "<group>";
		};
		04F594641F2A1D06006B8D16 /* Products */ = {
			isa = PBXGroup;
			children = (
				04F594631F2A1D06006B8D16 /* testModal.app */,
			);
			name = Products;
			sourceTree = "<group>";
		};
		04F594651F2A1D06006B8D16 /* testModal */ = {
			isa = PBXGroup;
			children = (
				047A152D1F2AF6A900FD762F /* SMKTransition */,
				04F594661F2A1D06006B8D16 /* AppDelegate.swift */,
				04F594681F2A1D06006B8D16 /* ViewController.swift */,
				04F594781F2A1D22006B8D16 /* TestViewController.swift */,
				04F5946A1F2A1D06006B8D16 /* Main.storyboard */,
				04F5946D1F2A1D06006B8D16 /* Assets.xcassets */,
				04F5946F1F2A1D06006B8D16 /* LaunchScreen.storyboard */,
				04F594721F2A1D06006B8D16 /* Info.plist */,
			);
			path = testModal;
			sourceTree = "<group>";
		};
/* End PBXGroup section */

/* Begin PBXNativeTarget section */
		04F594621F2A1D06006B8D16 /* testModal */ = {
			isa = PBXNativeTarget;
			buildConfigurationList = 04F594751F2A1D06006B8D16 /* Build configuration list for PBXNativeTarget "testModal" */;
			buildPhases = (
				04F5945F1F2A1D06006B8D16 /* Sources */,
				04F594601F2A1D06006B8D16 /* Frameworks */,
				04F594611F2A1D06006B8D16 /* Resources */,
			);
			buildRules = (
			);
			dependencies = (
			);
			name = testModal;
			productName = testModal;
			productReference = 04F594631F2A1D06006B8D16 /* testModal.app */;
			productType = "com.apple.product-type.application";
		};
/* End PBXNativeTarget section */

/* Begin PBXProject section */
		04F5945B1F2A1D05006B8D16 /* Project object */ = {
			isa = PBXProject;
			attributes = {
				LastSwiftUpdateCheck = 0810;
				LastUpgradeCheck = 0810;
				ORGANIZATIONNAME = lovemo;
				TargetAttributes = {
					04F594621F2A1D06006B8D16 = {
						CreatedOnToolsVersion = 8.1;
						ProvisioningStyle = Automatic;
					};
				};
			};
			buildConfigurationList = 04F5945E1F2A1D05006B8D16 /* Build configuration list for PBXProject "testModal" */;
			compatibilityVersion = "Xcode 3.2";
			developmentRegion = English;
			hasScannedForEncodings = 0;
			knownRegions = (
				en,
				Base,
			);
			mainGroup = 04F5945A1F2A1D05006B8D16;
			productRefGroup = 04F594641F2A1D06006B8D16 /* Products */;
			projectDirPath = "";
			projectRoot = "";
			targets = (
				04F594621F2A1D06006B8D16 /* testModal */,
			);
		};
/* End PBXProject section */

/* Begin PBXResourcesBuildPhase section */
		04F594611F2A1D06006B8D16 /* Resources */ = {
			isa = PBXResourcesBuildPhase;
			buildActionMask = 2147483647;
			files = (
				04F594711F2A1D06006B8D16 /* LaunchScreen.storyboard in Resources */,
				04F5946E1F2A1D06006B8D16 /* Assets.xcassets in Resources */,
				04F5946C1F2A1D06006B8D16 /* Main.storyboard in Resources */,
			);
			runOnlyForDeploymentPostprocessing = 0;
		};
/* End PBXResourcesBuildPhase section */

/* Begin PBXSourcesBuildPhase section */
		04F5945F1F2A1D06006B8D16 /* Sources */ = {
			isa = PBXSourcesBuildPhase;
			buildActionMask = 2147483647;
			files = (
				047A15351F2AF6A900FD762F /* Transition.swift in Sources */,
				04F594691F2A1D06006B8D16 /* ViewController.swift in Sources */,
				04F5947A1F2A1D23006B8D16 /* TestViewController.swift in Sources */,
				047A15341F2AF6A900FD762F /* SEKView+Frame.swift in Sources */,
				047A15321F2AF6A900FD762F /* AnimatedTransitioning.swift in Sources */,
				04F594671F2A1D06006B8D16 /* AppDelegate.swift in Sources */,
				047A15331F2AF6A900FD762F /* PresentationController.swift in Sources */,
			);
			runOnlyForDeploymentPostprocessing = 0;
		};
/* End PBXSourcesBuildPhase section */

/* Begin PBXVariantGroup section */
		04F5946A1F2A1D06006B8D16 /* Main.storyboard */ = {
			isa = PBXVariantGroup;
			children = (
				04F5946B1F2A1D06006B8D16 /* Base */,
			);
			name = Main.storyboard;
			sourceTree = "<group>";
		};
		04F5946F1F2A1D06006B8D16 /* LaunchScreen.storyboard */ = {
			isa = PBXVariantGroup;
			children = (
				04F594701F2A1D06006B8D16 /* Base */,
			);
			name = LaunchScreen.storyboard;
			sourceTree = "<group>";
		};
/* End PBXVariantGroup section */

/* Begin XCBuildConfiguration section */
		04F594731F2A1D06006B8D16 /* Debug */ = {
			isa = XCBuildConfiguration;
			buildSettings = {
				ALWAYS_SEARCH_USER_PATHS = NO;
				CLANG_ANALYZER_NONNULL = YES;
				CLANG_CXX_LANGUAGE_STANDARD = "gnu++0x";
				CLANG_CXX_LIBRARY = "libc++";
				CLANG_ENABLE_MODULES = YES;
				CLANG_ENABLE_OBJC_ARC = YES;
				CLANG_WARN_BOOL_CONVERSION = YES;
				CLANG_WARN_CONSTANT_CONVERSION = YES;
				CLANG_WARN_DIRECT_OBJC_ISA_USAGE = YES_ERROR;
				CLANG_WARN_DOCUMENTATION_COMMENTS = YES;
				CLANG_WARN_EMPTY_BODY = YES;
				CLANG_WARN_ENUM_CONVERSION = YES;
				CLANG_WARN_INFINITE_RECURSION = YES;
				CLANG_WARN_INT_CONVERSION = YES;
				CLANG_WARN_OBJC_ROOT_CLASS = YES_ERROR;
				CLANG_WARN_SUSPICIOUS_MOVES = YES;
				CLANG_WARN_UNREACHABLE_CODE = YES;
				CLANG_WARN__DUPLICATE_METHOD_MATCH = YES;
				"CODE_SIGN_IDENTITY[sdk=iphoneos*]" = "iPhone Developer";
				COPY_PHASE_STRIP = NO;
				DEBUG_INFORMATION_FORMAT = dwarf;
				ENABLE_STRICT_OBJC_MSGSEND = YES;
				ENABLE_TESTABILITY = YES;
				GCC_C_LANGUAGE_STANDARD = gnu99;
				GCC_DYNAMIC_NO_PIC = NO;
				GCC_NO_COMMON_BLOCKS = YES;
				GCC_OPTIMIZATION_LEVEL = 0;
				GCC_PREPROCESSOR_DEFINITIONS = (
					"DEBUG=1",
					"$(inherited)",
				);
				GCC_WARN_64_TO_32_BIT_CONVERSION = YES;
				GCC_WARN_ABOUT_RETURN_TYPE = YES_ERROR;
				GCC_WARN_UNDECLARED_SELECTOR = YES;
				GCC_WARN_UNINITIALIZED_AUTOS = YES_AGGRESSIVE;
				GCC_WARN_UNUSED_FUNCTION = YES;
				GCC_WARN_UNUSED_VARIABLE = YES;
				IPHONEOS_DEPLOYMENT_TARGET = 10.3;
				MTL_ENABLE_DEBUG_INFO = YES;
				ONLY_ACTIVE_ARCH = YES;
				SDKROOT = iphoneos;
				SWIFT_ACTIVE_COMPILATION_CONDITIONS = DEBUG;
				SWIFT_OPTIMIZATION_LEVEL = "-Onone";
				TARGETED_DEVICE_FAMILY = "1,2";
			};
			name = Debug;
		};
		04F594741F2A1D06006B8D16 /* Release */ = {
			isa = XCBuildConfiguration;
			buildSettings = {
				ALWAYS_SEARCH_USER_PATHS = NO;
				CLANG_ANALYZER_NONNULL = YES;
				CLANG_CXX_LANGUAGE_STANDARD = "gnu++0x";
				CLANG_CXX_LIBRARY = "libc++";
				CLANG_ENABLE_MODULES = YES;
				CLANG_ENABLE_OBJC_ARC = YES;
				CLANG_WARN_BOOL_CONVERSION = YES;
				CLANG_WARN_CONSTANT_CONVERSION = YES;
				CLANG_WARN_DIRECT_OBJC_ISA_USAGE = YES_ERROR;
				CLANG_WARN_DOCUMENTATION_COMMENTS = YES;
				CLANG_WARN_EMPTY_BODY = YES;
				CLANG_WARN_ENUM_CONVERSION = YES;
				CLANG_WARN_INFINITE_RECURSION = YES;
				CLANG_WARN_INT_CONVERSION = YES;
				CLANG_WARN_OBJC_ROOT_CLASS = YES_ERROR;
				CLANG_WARN_SUSPICIOUS_MOVES = YES;
				CLANG_WARN_UNREACHABLE_CODE = YES;
				CLANG_WARN__DUPLICATE_METHOD_MATCH = YES;
				"CODE_SIGN_IDENTITY[sdk=iphoneos*]" = "iPhone Developer";
				COPY_PHASE_STRIP = NO;
				DEBUG_INFORMATION_FORMAT = "dwarf-with-dsym";
				ENABLE_NS_ASSERTIONS = NO;
				ENABLE_STRICT_OBJC_MSGSEND = YES;
				GCC_C_LANGUAGE_STANDARD = gnu99;
				GCC_NO_COMMON_BLOCKS = YES;
				GCC_WARN_64_TO_32_BIT_CONVERSION = YES;
				GCC_WARN_ABOUT_RETURN_TYPE = YES_ERROR;
				GCC_WARN_UNDECLARED_SELECTOR = YES;
				GCC_WARN_UNINITIALIZED_AUTOS = YES_AGGRESSIVE;
				GCC_WARN_UNUSED_FUNCTION = YES;
				GCC_WARN_UNUSED_VARIABLE = YES;
				IPHONEOS_DEPLOYMENT_TARGET = 10.3;
				MTL_ENABLE_DEBUG_INFO = NO;
				SDKROOT = iphoneos;
				SWIFT_OPTIMIZATION_LEVEL = "-Owholemodule";
				TARGETED_DEVICE_FAMILY = "1,2";
				VALIDATE_PRODUCT = YES;
			};
			name = Release;
		};
		04F594761F2A1D06006B8D16 /* Debug */ = {
			isa = XCBuildConfiguration;
			buildSettings = {
				ASSETCATALOG_COMPILER_APPICON_NAME = AppIcon;
				INFOPLIST_FILE = testModal/Info.plist;
				IPHONEOS_DEPLOYMENT_TARGET = 10.0;
				LD_RUNPATH_SEARCH_PATHS = "$(inherited) @executable_path/Frameworks";
				PRODUCT_BUNDLE_IDENTIFIER = com.lovemo.www.testModal;
				PRODUCT_NAME = "$(TARGET_NAME)";
				SWIFT_VERSION = 3.0;
			};
			name = Debug;
		};
		04F594771F2A1D06006B8D16 /* Release */ = {
			isa = XCBuildConfiguration;
			buildSettings = {
				ASSETCATALOG_COMPILER_APPICON_NAME = AppIcon;
				INFOPLIST_FILE = testModal/Info.plist;
				IPHONEOS_DEPLOYMENT_TARGET = 10.0;
				LD_RUNPATH_SEARCH_PATHS = "$(inherited) @executable_path/Frameworks";
				PRODUCT_BUNDLE_IDENTIFIER = com.lovemo.www.testModal;
				PRODUCT_NAME = "$(TARGET_NAME)";
				SWIFT_VERSION = 3.0;
			};
			name = Release;
		};
/* End XCBuildConfiguration section */

/* Begin XCConfigurationList section */
		04F5945E1F2A1D05006B8D16 /* Build configuration list for PBXProject "testModal" */ = {
			isa = XCConfigurationList;
			buildConfigurations = (
				04F594731F2A1D06006B8D16 /* Debug */,
				04F594741F2A1D06006B8D16 /* Release */,
			);
			defaultConfigurationIsVisible = 0;
			defaultConfigurationName = Release;
		};
		04F594751F2A1D06006B8D16 /* Build configuration list for PBXNativeTarget "testModal" */ = {
			isa = XCConfigurationList;
			buildConfigurations = (
				04F594761F2A1D06006B8D16 /* Debug */,
				04F594771F2A1D06006B8D16 /* Release */,
			);
			defaultConfigurationIsVisible = 0;
			defaultConfigurationName = Release;
		};
/* End XCConfigurationList section */
	};
	rootObject = 04F5945B1F2A1D05006B8D16 /* Project object */;
}
